
Microsoft Visual Studio Solution File, Format Version 12.00
# Visual Studio Version 17
VisualStudioVersion = 17.1.32228.430
MinimumVisualStudioVersion = 10.0.40219.1
Project("{FAE04EC0-301F-11D3-BF4B-00C04F79EFBC}") = "TC.Stone.Apresentation", "..\TC.Stone.Apresentation\TC.Stone.Apresentation.csproj", "{FD1B529B-4B92-419F-8797-61F5F522598E}"
EndProject
Project("{FAE04EC0-301F-11D3-BF4B-00C04F79EFBC}") = "TC.Stone.Tests", "..\TC.Stone.Tests\TC.Stone.Tests.csproj", "{C5369883-0DED-4099-BD6F-06697B6E685C}"
EndProject
Global
	GlobalSection(SolutionConfigurationPlatforms) = preSolution
		Debug|Any CPU = Debug|Any CPU
		Release|Any CPU = Release|Any CPU
	EndGlobalSection
	GlobalSection(ProjectConfigurationPlatforms) = postSolution
		{FD1B529B-4B92-419F-8797-61F5F522598E}.Debug|Any CPU.ActiveCfg = Debug|Any CPU
		{FD1B529B-4B92-419F-8797-61F5F522598E}.Debug|Any CPU.Build.0 = Debug|Any CPU
		{FD1B529B-4B92-419F-8797-61F5F522598E}.Release|Any CPU.ActiveCfg = Release|Any CPU
		{FD1B529B-4B92-419F-8797-61F5F522598E}.Release|Any CPU.Build.0 = Release|Any CPU
		{C5369883-0DED-4099-BD6F-06697B6E685C}.Debug|Any CPU.ActiveCfg = Debug|Any CPU
		{C5369883-0DED-4099-BD6F-06697B6E685C}.Debug|Any CPU.Build.0 = Debug|Any CPU
		{C5369883-0DED-4099-BD6F-06697B6E685C}.Release|Any CPU.ActiveCfg = Release|Any CPU
		{C5369883-0DED-4099-BD6F-06697B6E685C}.Release|Any CPU.Build.0 = Release|Any CPU
	EndGlobalSection
	GlobalSection(SolutionProperties) = preSolution
		HideSolutionNode = FALSE
	EndGlobalSection
	GlobalSection(ExtensibilityGlobals) = postSolution
		SolutionGuid = {948D1091-2DDB-474B-BF52-4733E72FE1E9}
	EndGlobalSection
EndGlobal
