
Microsoft Visual Studio Solution File, Format Version 12.00
# Visual Studio Version 17
VisualStudioVersion = 17.1.32228.430
MinimumVisualStudioVersion = 10.0.40219.1
Project("{9A19103F-16F7-4668-BE54-9A1E7A4F7556}") = "TC.Stone.Apresentation", "TC.Stone.Apresentation\TC.Stone.Apresentation.csproj", "{648A6C45-A414-4779-9189-49E18C9DC013}"
EndProject
Project("{9A19103F-16F7-4668-BE54-9A1E7A4F7556}") = "TC.Stone.Tests", "TC.Stone.Tests\TC.Stone.Tests.csproj", "{A3295F87-F653-44FC-BA05-7FC243BEE2B0}"
EndProject
Global
	GlobalSection(SolutionConfigurationPlatforms) = preSolution
		Debug|Any CPU = Debug|Any CPU
		Release|Any CPU = Release|Any CPU
	EndGlobalSection
	GlobalSection(ProjectConfigurationPlatforms) = postSolution
		{648A6C45-A414-4779-9189-49E18C9DC013}.Debug|Any CPU.ActiveCfg = Debug|Any CPU
		{648A6C45-A414-4779-9189-49E18C9DC013}.Debug|Any CPU.Build.0 = Debug|Any CPU
		{648A6C45-A414-4779-9189-49E18C9DC013}.Release|Any CPU.ActiveCfg = Release|Any CPU
		{648A6C45-A414-4779-9189-49E18C9DC013}.Release|Any CPU.Build.0 = Release|Any CPU
		{A3295F87-F653-44FC-BA05-7FC243BEE2B0}.Debug|Any CPU.ActiveCfg = Debug|Any CPU
		{A3295F87-F653-44FC-BA05-7FC243BEE2B0}.Debug|Any CPU.Build.0 = Debug|Any CPU
		{A3295F87-F653-44FC-BA05-7FC243BEE2B0}.Release|Any CPU.ActiveCfg = Release|Any CPU
		{A3295F87-F653-44FC-BA05-7FC243BEE2B0}.Release|Any CPU.Build.0 = Release|Any CPU
	EndGlobalSection
	GlobalSection(SolutionProperties) = preSolution
		HideSolutionNode = FALSE
	EndGlobalSection
	GlobalSection(ExtensibilityGlobals) = postSolution
		SolutionGuid = {948D1091-2DDB-474B-BF52-4733E72FE1E9}
	EndGlobalSection
EndGlobal
